
Microsoft Visual Studio Solution File, Format Version 12.00
# Visual Studio Version 16
VisualStudioVersion = 16.0.31205.134
MinimumVisualStudioVersion = 10.0.40219.1
Project("{9A19103F-16F7-4668-BE54-9A1E7A4F7556}") = "CodingTest", "CodingTest.csproj", "{873F3CA2-A3C1-4548-BFB6-183551C75EF4}"
EndProject
Project("{FAE04EC0-301F-11D3-BF4B-00C04F79EFBC}") = "CodingTest.Entities", "..\CodingTest.Entities\CodingTest.Entities.csproj", "{589EB05C-86B1-4D0A-8FDC-45D43D07CC84}"
EndProject
Global
	GlobalSection(SolutionConfigurationPlatforms) = preSolution
		Debug|Any CPU = Debug|Any CPU
		Release|Any CPU = Release|Any CPU
	EndGlobalSection
	GlobalSection(ProjectConfigurationPlatforms) = postSolution
		{873F3CA2-A3C1-4548-BFB6-183551C75EF4}.Debug|Any CPU.ActiveCfg = Debug|Any CPU
		{873F3CA2-A3C1-4548-BFB6-183551C75EF4}.Debug|Any CPU.Build.0 = Debug|Any CPU
		{873F3CA2-A3C1-4548-BFB6-183551C75EF4}.Release|Any CPU.ActiveCfg = Release|Any CPU
		{873F3CA2-A3C1-4548-BFB6-183551C75EF4}.Release|Any CPU.Build.0 = Release|Any CPU
		{589EB05C-86B1-4D0A-8FDC-45D43D07CC84}.Debug|Any CPU.ActiveCfg = Debug|Any CPU
		{589EB05C-86B1-4D0A-8FDC-45D43D07CC84}.Debug|Any CPU.Build.0 = Debug|Any CPU
		{589EB05C-86B1-4D0A-8FDC-45D43D07CC84}.Release|Any CPU.ActiveCfg = Release|Any CPU
		{589EB05C-86B1-4D0A-8FDC-45D43D07CC84}.Release|Any CPU.Build.0 = Release|Any CPU
	EndGlobalSection
	GlobalSection(SolutionProperties) = preSolution
		HideSolutionNode = FALSE
	EndGlobalSection
	GlobalSection(ExtensibilityGlobals) = postSolution
		SolutionGuid = {84AC4B43-967F-4BA3-81BD-AD0044991117}
	EndGlobalSection
EndGlobal
